
Microsoft Visual Studio Solution File, Format Version 12.00
# Visual Studio Version 16
VisualStudioVersion = 16.0.30517.126
MinimumVisualStudioVersion = 10.0.40219.1
Project("{FAE04EC0-301F-11D3-BF4B-00C04F79EFBC}") = "EmpWage", "EmpWage\EmpWage.csproj", "{396C9F73-E704-41D0-865B-B0F6C3EFAC24}"
EndProject
Global
	GlobalSection(SolutionConfigurationPlatforms) = preSolution
		Debug|Any CPU = Debug|Any CPU
		Release|Any CPU = Release|Any CPU
	EndGlobalSection
	GlobalSection(ProjectConfigurationPlatforms) = postSolution
		{396C9F73-E704-41D0-865B-B0F6C3EFAC24}.Debug|Any CPU.ActiveCfg = Debug|Any CPU
		{396C9F73-E704-41D0-865B-B0F6C3EFAC24}.Debug|Any CPU.Build.0 = Debug|Any CPU
		{396C9F73-E704-41D0-865B-B0F6C3EFAC24}.Release|Any CPU.ActiveCfg = Release|Any CPU
		{396C9F73-E704-41D0-865B-B0F6C3EFAC24}.Release|Any CPU.Build.0 = Release|Any CPU
	EndGlobalSection
	GlobalSection(SolutionProperties) = preSolution
		HideSolutionNode = FALSE
	EndGlobalSection
	GlobalSection(ExtensibilityGlobals) = postSolution
		SolutionGuid = {155DFFBE-FDEE-4298-8A6F-0737323D3E25}
	EndGlobalSection
EndGlobal
